{
  "lockfile_version": "1",
  "packages": {
    "gh@latest": {
      "last_modified": "2026-06-11T10:33:09Z",
      "resolved": "github:NixOS/nixpkgs/8c91a71d13451abc40eb9dae8910f972f979852f#gh",
      "source": "devbox-search",
      "version": "2.94.0",
      "systems": {
        "aarch64-darwin": {
          "outputs": [
            {
              "name": "out",
              "path": "/nix/store/fhnpw0hs0gjms1ha6ap02jq7rx13gkbp-gh-2.94.0",
              "default": true
            }
          ],
          "store_path": "/nix/store/fhnpw0hs0gjms1ha6ap02jq7rx13gkbp-gh-2.94.0"
        },
        "aarch64-linux": {
          "outputs": [
            {
              "name": "out",
              "path": "/nix/store/7hh2qi0gj2ifbxbl56cjzbiyfc379bji-gh-2.94.0",
              "default": true
            }
          ],
          "store_path": "/nix/store/7hh2qi0gj2ifbxbl56cjzbiyfc379bji-gh-2.94.0"
        },
        "x86_64-darwin": {
          "outputs": [
            {
              "name": "out",
              "path": "/nix/store/3ywrz2hvn6gafpms9ll5gr6ka5rismyq-gh-2.94.0",
              "default": true
            }
          ],
          "store_path": "/nix/store/3ywrz2hvn6gafpms9ll5gr6ka5rismyq-gh-2.94.0"
        },
        "x86_64-linux": {
          "outputs": [
            {
              "name": "out",
              "path": "/nix/store/pidh15szlsb1vc41xdsa3xbdghdazvby-gh-2.94.0",
              "default": true
            }
          ],
          "store_path": "/nix/store/pidh15szlsb1vc41xdsa3xbdghdazvby-gh-2.94.0"
        }
      }
    },
    "github:NixOS/nixpkgs/nixpkgs-unstable": {
      "last_modified": "2026-06-16T10:57:20Z",
      "resolved": "github:NixOS/nixpkgs/3e41b24abd260e8f71dbe2f5737d24122f972158?lastModified=1781607440&narHash=sha256-rxO%2Buc%2FKFbSJp%2BpgyXRuAX6QlG9hJdnt0BXpEQRXY%2BU%3D"
    },
    "just@latest": {
      "last_modified": "2026-05-21T08:15:18Z",
      "resolved": "github:NixOS/nixpkgs/4a29d733e8a7d5b824c3d8c958a946a9867b3eb2#just",
      "source": "devbox-search",
      "version": "1.51.0",
      "systems": {
        "aarch64-darwin": {
          "outputs": [
            {
              "name": "out",
              "path": "/nix/store/18ml04rix1526kmcv5fcir6n7cb8lxyf-just-1.51.0",
              "default": true
            },
            {
              "name": "man",
              "path": "/nix/store/48iac05gjz4kjpx605hcgn95an8ary9q-just-1.51.0-man",
              "default": true
            },
            {
              "name": "doc",
              "path": "/nix/store/d0n7b7xd2miyja6m2nlzc2szj0gqzgxb-just-1.51.0-doc"
            }
          ],
          "store_path": "/nix/store/18ml04rix1526kmcv5fcir6n7cb8lxyf-just-1.51.0"
        },
        "aarch64-linux": {
          "outputs": [
            {
              "name": "out",
              "path": "/nix/store/6q8i59br2gzxnqax4dz3g1fmkwp2mfs2-just-1.51.0",
              "default": true
            },
            {
              "name": "man",
              "path": "/nix/store/8ygmlmpxmggc2wqbkz1yhf7fz5nwg084-just-1.51.0-man",
              "default": true
            },
            {
              "name": "doc",
              "path": "/nix/store/ppj3c78k6x3bql77f3mgrjjrxb2jjc0q-just-1.51.0-doc"
            }
          ],
          "store_path": "/nix/store/6q8i59br2gzxnqax4dz3g1fmkwp2mfs2-just-1.51.0"
        },
        "x86_64-darwin": {
          "outputs": [
            {
              "name": "out",
              "path": "/nix/store/7ppiil9ycr565vqgbc18x4rpgbfgcnzy-just-1.51.0",
              "default": true
            },
            {
              "name": "man",
              "path": "/nix/store/144wqvh3s441y05xvzn8m16rhcqbki7d-just-1.51.0-man",
              "default": true
            },
            {
              "name": "doc",
              "path": "/nix/store/x5g644hwbjdlij9w37gwgg1z1h4b6qqk-just-1.51.0-doc"
            }
          ],
          "store_path": "/nix/store/7ppiil9ycr565vqgbc18x4rpgbfgcnzy-just-1.51.0"
        },
        "x86_64-linux": {
          "outputs": [
            {
              "name": "out",
              "path": "/nix/store/3j32zmchv9wd60qng1mm04yj07wf04i8-just-1.51.0",
              "default": true
            },
            {
              "name": "man",
              "path": "/nix/store/p04vig0h2hj7hg5vgd74n5nphlcy23l8-just-1.51.0-man",
              "default": true
            },
            {
              "name": "doc",
              "path": "/nix/store/r800x8xppg70s00hw3h6x9cxpd6nh06y-just-1.51.0-doc"
            }
          ],
          "store_path": "/nix/store/3j32zmchv9wd60qng1mm04yj07wf04i8-just-1.51.0"
        }
      }
    },
    "nodejs@latest": {
      "last_modified": "2026-06-01T17:55:45Z",
      "plugin_version": "0.0.2",
      "resolved": "github:NixOS/nixpkgs/4df1b885d76a54e1aa1a318f8d16fd6005b6401f#nodejs_26",
      "source": "devbox-search",
      "version": "26.3.0",
      "systems": {
        "aarch64-darwin": {
          "outputs": [
            {
              "name": "out",
              "path": "/nix/store/nfh1lwb8b42nn64wh8vwnjqpz2swr1vj-nodejs-26.3.0",
              "default": true
            }
          ],
          "store_path": "/nix/store/nfh1lwb8b42nn64wh8vwnjqpz2swr1vj-nodejs-26.3.0"
        },
        "aarch64-linux": {
          "outputs": [
            {
              "name": "out",
              "path": "/nix/store/f4mq152z1j84c7aj1h6w4gwa3mwvbk3z-nodejs-26.3.0",
              "default": true
            }
          ],
          "store_path": "/nix/store/f4mq152z1j84c7aj1h6w4gwa3mwvbk3z-nodejs-26.3.0"
        },
        "x86_64-darwin": {
          "outputs": [
            {
              "name": "out",
              "path": "/nix/store/24psmxnybpswr7r21vrdca2lji15rfjl-nodejs-26.3.0",
              "default": true
            }
          ],
          "store_path": "/nix/store/24psmxnybpswr7r21vrdca2lji15rfjl-nodejs-26.3.0"
        },
        "x86_64-linux": {
          "outputs": [
            {
              "name": "out",
              "path": "/nix/store/nk72hijagb0yc9rax5rr4gw8mpvmq7vw-nodejs-26.3.0",
              "default": true
            }
          ],
          "store_path": "/nix/store/nk72hijagb0yc9rax5rr4gw8mpvmq7vw-nodejs-26.3.0"
        }
      }
    },
    "probe-rs-tools@latest": {
      "last_modified": "2026-06-05T19:07:58Z",
      "resolved": "github:NixOS/nixpkgs/891eaa77f0eed53352194677991bd30978f9b0ad#probe-rs-tools",
      "source": "devbox-search",
      "version": "0.31.0",
      "systems": {
        "aarch64-darwin": {
          "outputs": [
            {
              "name": "out",
              "path": "/nix/store/7b0dx72sam3i514jj049ig02k0q3yrh9-probe-rs-tools-0.31.0",
              "default": true
            }
          ],
          "store_path": "/nix/store/7b0dx72sam3i514jj049ig02k0q3yrh9-probe-rs-tools-0.31.0"
        },
        "aarch64-linux": {
          "outputs": [
            {
              "name": "out",
              "path": "/nix/store/znaxa95vy8c5lxh668byxxlw3kk4ckcs-probe-rs-tools-0.31.0",
              "default": true
            }
          ],
          "store_path": "/nix/store/znaxa95vy8c5lxh668byxxlw3kk4ckcs-probe-rs-tools-0.31.0"
        },
        "x86_64-darwin": {
          "outputs": [
            {
              "name": "out",
              "path": "/nix/store/asmpjsfmx7qbkr3afmln69drv28ijnjh-probe-rs-tools-0.31.0",
              "default": true
            }
          ],
          "store_path": "/nix/store/asmpjsfmx7qbkr3afmln69drv28ijnjh-probe-rs-tools-0.31.0"
        },
        "x86_64-linux": {
          "outputs": [
            {
              "name": "out",
              "path": "/nix/store/by3fm5hmpw3czfmzwkwq1k3kmxl8kf4d-probe-rs-tools-0.31.0",
              "default": true
            }
          ],
          "store_path": "/nix/store/by3fm5hmpw3czfmzwkwq1k3kmxl8kf4d-probe-rs-tools-0.31.0"
        }
      }
    },
    "rustup@latest": {
      "last_modified": "2026-05-21T08:15:18Z",
      "plugin_version": "0.0.1",
      "resolved": "github:NixOS/nixpkgs/4a29d733e8a7d5b824c3d8c958a946a9867b3eb2#rustup",
      "source": "devbox-search",
      "version": "1.29.0",
      "systems": {
        "aarch64-darwin": {
          "outputs": [
            {
              "name": "out",
              "path": "/nix/store/nl70ay30nl2szm2g03xa0d7ai69dgbln-rustup-1.29.0",
              "default": true
            }
          ],
          "store_path": "/nix/store/nl70ay30nl2szm2g03xa0d7ai69dgbln-rustup-1.29.0"
        },
        "aarch64-linux": {
          "outputs": [
            {
              "name": "out",
              "path": "/nix/store/684175m8xqfisacqw9rdc97fn2vpp0fj-rustup-1.29.0",
              "default": true
            }
          ],
          "store_path": "/nix/store/684175m8xqfisacqw9rdc97fn2vpp0fj-rustup-1.29.0"
        },
        "x86_64-darwin": {
          "outputs": [
            {
              "name": "out",
              "path": "/nix/store/4hqncs7jnqc64z49r1w09b235074li9q-rustup-1.29.0",
              "default": true
            }
          ],
          "store_path": "/nix/store/4hqncs7jnqc64z49r1w09b235074li9q-rustup-1.29.0"
        },
        "x86_64-linux": {
          "outputs": [
            {
              "name": "out",
              "path": "/nix/store/dpqx1vygrisrvnnwgym1226x317vqp4a-rustup-1.29.0",
              "default": true
            }
          ],
          "store_path": "/nix/store/dpqx1vygrisrvnnwgym1226x317vqp4a-rustup-1.29.0"
        }
      }
    },
    "wasm-bindgen-cli@latest": {
      "last_modified": "2025-01-19T08:16:51Z",
      "resolved": "github:NixOS/nixpkgs/50165c4f7eb48ce82bd063e1fb8047a0f515f8ce#wasm-bindgen-cli",
      "source": "devbox-search",
      "version": "0.2.100",
      "systems": {
        "aarch64-darwin": {
          "outputs": [
            {
              "name": "out",
              "path": "/nix/store/rdiwxzp0b0iisdr60d44zi31lip5k5qr-wasm-bindgen-cli-0.2.100",
              "default": true
            }
          ],
          "store_path": "/nix/store/rdiwxzp0b0iisdr60d44zi31lip5k5qr-wasm-bindgen-cli-0.2.100"
        },
        "aarch64-linux": {
          "outputs": [
            {
              "name": "out",
              "path": "/nix/store/vd9dswj4jhgaxaimif66klszwx28i69g-wasm-bindgen-cli-0.2.100",
              "default": true
            }
          ],
          "store_path": "/nix/store/vd9dswj4jhgaxaimif66klszwx28i69g-wasm-bindgen-cli-0.2.100"
        },
        "x86_64-darwin": {
          "outputs": [
            {
              "name": "out",
              "path": "/nix/store/l77mpcd8wrlhfnv0n8z1cpxqcfvd56d3-wasm-bindgen-cli-0.2.100",
              "default": true
            }
          ],
          "store_path": "/nix/store/l77mpcd8wrlhfnv0n8z1cpxqcfvd56d3-wasm-bindgen-cli-0.2.100"
        },
        "x86_64-linux": {
          "outputs": [
            {
              "name": "out",
              "path": "/nix/store/4nll8fdpzziq7glr6swbix4w32pkdxiq-wasm-bindgen-cli-0.2.100",
              "default": true
            }
          ],
          "store_path": "/nix/store/4nll8fdpzziq7glr6swbix4w32pkdxiq-wasm-bindgen-cli-0.2.100"
        }
      }
    }
  }
}
